# This file is automatically @generated by Cargo.
# It is not intended for manual editing.
[[package]]
name = "bin-serialization-rs"
version = "0.1.5"
dependencies = [
 "cp866-rs",
]

[[package]]
name = "cp866-rs"
version = "0.1.2"
source = "git+https://github.com/madwareru/cp866-rs#7a3aeb3116640807bca56c3619c026144450066d"
